
Microsoft Visual Studio Solution File, Format Version 12.00
# Visual Studio Version 17
VisualStudioVersion = 17.0.31912.275
MinimumVisualStudioVersion = 10.0.40219.1
Project("{FAE04EC0-301F-11D3-BF4B-00C04F79EFBC}") = "timescale-trial", "timescale-trial\timescale-trial.csproj", "{F778F90A-6CF2-45D3-A216-C01BE628246D}"
EndProject
Global
	GlobalSection(SolutionConfigurationPlatforms) = preSolution
		Debug|Any CPU = Debug|Any CPU
		Release|Any CPU = Release|Any CPU
	EndGlobalSection
	GlobalSection(ProjectConfigurationPlatforms) = postSolution
		{F778F90A-6CF2-45D3-A216-C01BE628246D}.Debug|Any CPU.ActiveCfg = Debug|Any CPU
		{F778F90A-6CF2-45D3-A216-C01BE628246D}.Debug|Any CPU.Build.0 = Debug|Any CPU
		{F778F90A-6CF2-45D3-A216-C01BE628246D}.Release|Any CPU.ActiveCfg = Release|Any CPU
		{F778F90A-6CF2-45D3-A216-C01BE628246D}.Release|Any CPU.Build.0 = Release|Any CPU
	EndGlobalSection
	GlobalSection(SolutionProperties) = preSolution
		HideSolutionNode = FALSE
	EndGlobalSection
	GlobalSection(ExtensibilityGlobals) = postSolution
		SolutionGuid = {F89BF869-DAC0-45CE-9709-F1CAFE156CDD}
	EndGlobalSection
EndGlobal
